// !$*UTF8*$!
{
	archiveVersion = 1;
	classes = {
	};
	objectVersion = 46;
	objects = {

/* Begin PBXBuildFile section */
		D01E9B141EB47C2000AB41F0 /* AppDelegate.swift in Sources */ = {isa = PBXBuildFile; fileRef = D01E9B131EB47C2000AB41F0 /* AppDelegate.swift */; };
		D01E9B161EB47C2000AB41F0 /* ViewController.swift in Sources */ = {isa = PBXBuildFile; fileRef = D01E9B151EB47C2000AB41F0 /* ViewController.swift */; };
		D01E9B191EB47C2000AB41F0 /* Main.storyboard in Resources */ = {isa = PBXBuildFile; fileRef = D01E9B171EB47C2000AB41F0 /* Main.storyboard */; };
		D01E9B1B1EB47C2000AB41F0 /* Images.xcassets in Resources */ = {isa = PBXBuildFile; fileRef = D01E9B1A1EB47C2000AB41F0 /* Images.xcassets */; };
		D01E9B1E1EB47C2000AB41F0 /* LaunchScreen.xib in Resources */ = {isa = PBXBuildFile; fileRef = D01E9B1C1EB47C2000AB41F0 /* LaunchScreen.xib */; };
		D01E9B2A1EB47C2000AB41F0 /* lab07_TP3Tests.swift in Sources */ = {isa = PBXBuildFile; fileRef = D01E9B291EB47C2000AB41F0 /* lab07_TP3Tests.swift */; };
/* End PBXBuildFile section */

/* Begin PBXContainerItemProxy section */
		D01E9B241EB47C2000AB41F0 /* PBXContainerItemProxy */ = {
			isa = PBXContainerItemProxy;
			containerPortal = D01E9B061EB47C2000AB41F0 /* Project object */;
			proxyType = 1;
			remoteGlobalIDString = D01E9B0D1EB47C2000AB41F0;
			remoteInfo = lab07_TP3;
		};
/* End PBXContainerItemProxy section */

/* Begin PBXFileReference section */
		D01E9B0E1EB47C2000AB41F0 /* lab07_TP3.app */ = {isa = PBXFileReference; explicitFileType = wrapper.application; includeInIndex = 0; path = lab07_TP3.app; sourceTree = BUILT_PRODUCTS_DIR; };
		D01E9B121EB47C2000AB41F0 /* Info.plist */ = {isa = PBXFileReference; lastKnownFileType = text.plist.xml; path = Info.plist; sourceTree = "<group>"; };
		D01E9B131EB47C2000AB41F0 /* AppDelegate.swift */ = {isa = PBXFileReference; lastKnownFileType = sourcecode.swift; path = AppDelegate.swift; sourceTree = "<group>"; };
		D01E9B151EB47C2000AB41F0 /* ViewController.swift */ = {isa = PBXFileReference; lastKnownFileType = sourcecode.swift; path = ViewController.swift; sourceTree = "<group>"; };
		D01E9B181EB47C2000AB41F0 /* Base */ = {isa = PBXFileReference; lastKnownFileType = file.storyboard; name = Base; path = Base.lproj/Main.storyboard; sourceTree = "<group>"; };
		D01E9B1A1EB47C2000AB41F0 /* Images.xcassets */ = {isa = PBXFileReference; lastKnownFileType = folder.assetcatalog; path = Images.xcassets; sourceTree = "<group>"; };
		D01E9B1D1EB47C2000AB41F0 /* Base */ = {isa = PBXFileReference; lastKnownFileType = file.xib; name = Base; path = Base.lproj/LaunchScreen.xib; sourceTree = "<group>"; };
		D01E9B231EB47C2000AB41F0 /* lab07_TP3Tests.xctest */ = {isa = PBXFileReference; explicitFileType = wrapper.cfbundle; includeInIndex = 0; path = lab07_TP3Tests.xctest; sourceTree = BUILT_PRODUCTS_DIR; };
		D01E9B281EB47C2000AB41F0 /* Info.plist */ = {isa = PBXFileReference; lastKnownFileType = text.plist.xml; path = Info.plist; sourceTree = "<group>"; };
		D01E9B291EB47C2000AB41F0 /* lab07_TP3Tests.swift */ = {isa = PBXFileReference; lastKnownFileType = sourcecode.swift; path = lab07_TP3Tests.swift; sourceTree = "<group>"; };
/* End PBXFileReference section */

/* Begin PBXFrameworksBuildPhase section */
		D01E9B0B1EB47C2000AB41F0 /* Frameworks */ = {
			isa = PBXFrameworksBuildPhase;
			buildActionMask = 2147483647;
			files = (
			);
			runOnlyForDeploymentPostprocessing = 0;
		};
		D01E9B201EB47C2000AB41F0 /* Frameworks */ = {
			isa = PBXFrameworksBuildPhase;
			buildActionMask = 2147483647;
			files = (
			);
			runOnlyForDeploymentPostprocessing = 0;
		};
/* End PBXFrameworksBuildPhase section */

/* Begin PBXGroup section */
		D01E9B051EB47C2000AB41F0 = {
			isa = PBXGroup;
			children = (
				D01E9B101EB47C2000AB41F0 /* lab07_TP3 */,
				D01E9B261EB47C2000AB41F0 /* lab07_TP3Tests */,
				D01E9B0F1EB47C2000AB41F0 /* Products */,
			);
			sourceTree = "<group>";
		};
		D01E9B0F1EB47C2000AB41F0 /* Products */ = {
			isa = PBXGroup;
			children = (
				D01E9B0E1EB47C2000AB41F0 /* lab07_TP3.app */,
				D01E9B231EB47C2000AB41F0 /* lab07_TP3Tests.xctest */,
			);
			name = Products;
			sourceTree = "<group>";
		};
		D01E9B101EB47C2000AB41F0 /* lab07_TP3 */ = {
			isa = PBXGroup;
			children = (
				D01E9B131EB47C2000AB41F0 /* AppDelegate.swift */,
				D01E9B151EB47C2000AB41F0 /* ViewController.swift */,
				D01E9B171EB47C2000AB41F0 /* Main.storyboard */,
				D01E9B1A1EB47C2000AB41F0 /* Images.xcassets */,
				D01E9B1C1EB47C2000AB41F0 /* LaunchScreen.xib */,
				D01E9B111EB47C2000AB41F0 /* Supporting Files */,
			);
			path = lab07_TP3;
			sourceTree = "<group>";
		};
		D01E9B111EB47C2000AB41F0 /* Supporting Files */ = {
			isa = PBXGroup;
			children = (
				D01E9B121EB47C2000AB41F0 /* Info.plist */,
			);
			name = "Supporting Files";
			sourceTree = "<group>";
		};
		D01E9B261EB47C2000AB41F0 /* lab07_TP3Tests */ = {
			isa = PBXGroup;
			children = (
				D01E9B291EB47C2000AB41F0 /* lab07_TP3Tests.swift */,
				D01E9B271EB47C2000AB41F0 /* Supporting Files */,
			);
			path = lab07_TP3Tests;
			sourceTree = "<group>";
		};
		D01E9B271EB47C2000AB41F0 /* Supporting Files */ = {
			isa = PBXGroup;
			children = (
				D01E9B281EB47C2000AB41F0 /* Info.plist */,
			);
			name = "Supporting Files";
			sourceTree = "<group>";
		};
/* End PBXGroup section */

/* Begin PBXNativeTarget section */
		D01E9B0D1EB47C2000AB41F0 /* lab07_TP3 */ = {
			isa = PBXNativeTarget;
			buildConfigurationList = D01E9B2D1EB47C2000AB41F0 /* Build configuration list for PBXNativeTarget "lab07_TP3" */;
			buildPhases = (
				D01E9B0A1EB47C2000AB41F0 /* Sources */,
				D01E9B0B1EB47C2000AB41F0 /* Frameworks */,
				D01E9B0C1EB47C2000AB41F0 /* Resources */,
			);
			buildRules = (
			);
			dependencies = (
			);
			name = lab07_TP3;
			productName = lab07_TP3;
			productReference = D01E9B0E1EB47C2000AB41F0 /* lab07_TP3.app */;
			productType = "com.apple.product-type.application";
		};
		D01E9B221EB47C2000AB41F0 /* lab07_TP3Tests */ = {
			isa = PBXNativeTarget;
			buildConfigurationList = D01E9B301EB47C2000AB41F0 /* Build configuration list for PBXNativeTarget "lab07_TP3Tests" */;
			buildPhases = (
				D01E9B1F1EB47C2000AB41F0 /* Sources */,
				D01E9B201EB47C2000AB41F0 /* Frameworks */,
				D01E9B211EB47C2000AB41F0 /* Resources */,
			);
			buildRules = (
			);
			dependencies = (
				D01E9B251EB47C2000AB41F0 /* PBXTargetDependency */,
			);
			name = lab07_TP3Tests;
			productName = lab07_TP3Tests;
			productReference = D01E9B231EB47C2000AB41F0 /* lab07_TP3Tests.xctest */;
			productType = "com.apple.product-type.bundle.unit-test";
		};
/* End PBXNativeTarget section */

/* Begin PBXProject section */
		D01E9B061EB47C2000AB41F0 /* Project object */ = {
			isa = PBXProject;
			attributes = {
				LastUpgradeCheck = 0620;
				ORGANIZATIONNAME = "Raman Baranaw";
				TargetAttributes = {
					D01E9B0D1EB47C2000AB41F0 = {
						CreatedOnToolsVersion = 6.2;
					};
					D01E9B221EB47C2000AB41F0 = {
						CreatedOnToolsVersion = 6.2;
						TestTargetID = D01E9B0D1EB47C2000AB41F0;
					};
				};
			};
			buildConfigurationList = D01E9B091EB47C2000AB41F0 /* Build configuration list for PBXProject "lab07_TP3" */;
			compatibilityVersion = "Xcode 3.2";
			developmentRegion = English;
			hasScannedForEncodings = 0;
			knownRegions = (
				en,
				Base,
			);
			mainGroup = D01E9B051EB47C2000AB41F0;
			productRefGroup = D01E9B0F1EB47C2000AB41F0 /* Products */;
			projectDirPath = "";
			projectRoot = "";
			targets = (
				D01E9B0D1EB47C2000AB41F0 /* lab07_TP3 */,
				D01E9B221EB47C2000AB41F0 /* lab07_TP3Tests */,
			);
		};
/* End PBXProject section */

/* Begin PBXResourcesBuildPhase section */
		D01E9B0C1EB47C2000AB41F0 /* Resources */ = {
			isa = PBXResourcesBuildPhase;
			buildActionMask = 2147483647;
			files = (
				D01E9B191EB47C2000AB41F0 /* Main.storyboard in Resources */,
				D01E9B1E1EB47C2000AB41F0 /* LaunchScreen.xib in Resources */,
				D01E9B1B1EB47C2000AB41F0 /* Images.xcassets in Resources */,
			);
			runOnlyForDeploymentPostprocessing = 0;
		};
		D01E9B211EB47C2000AB41F0 /* Resources */ = {
			isa = PBXResourcesBuildPhase;
			buildActionMask = 2147483647;
			files = (
			);
			runOnlyForDeploymentPostprocessing = 0;
		};
/* End PBXResourcesBuildPhase section */

/* Begin PBXSourcesBuildPhase section */
		D01E9B0A1EB47C2000AB41F0 /* Sources */ = {
			isa = PBXSourcesBuildPhase;
			buildActionMask = 2147483647;
			files = (
				D01E9B161EB47C2000AB41F0 /* ViewController.swift in Sources */,
				D01E9B141EB47C2000AB41F0 /* AppDelegate.swift in Sources */,
			);
			runOnlyForDeploymentPostprocessing = 0;
		};
		D01E9B1F1EB47C2000AB41F0 /* Sources */ = {
			isa = PBXSourcesBuildPhase;
			buildActionMask = 2147483647;
			files = (
				D01E9B2A1EB47C2000AB41F0 /* lab07_TP3Tests.swift in Sources */,
			);
			runOnlyForDeploymentPostprocessing = 0;
		};
/* End PBXSourcesBuildPhase section */

/* Begin PBXTargetDependency section */
		D01E9B251EB47C2000AB41F0 /* PBXTargetDependency */ = {
			isa = PBXTargetDependency;
			target = D01E9B0D1EB47C2000AB41F0 /* lab07_TP3 */;
			targetProxy = D01E9B241EB47C2000AB41F0 /* PBXContainerItemProxy */;
		};
/* End PBXTargetDependency section */

/* Begin PBXVariantGroup section */
		D01E9B171EB47C2000AB41F0 /* Main.storyboard */ = {
			isa = PBXVariantGroup;
			children = (
				D01E9B181EB47C2000AB41F0 /* Base */,
			);
			name = Main.storyboard;
			sourceTree = "<group>";
		};
		D01E9B1C1EB47C2000AB41F0 /* LaunchScreen.xib */ = {
			isa = PBXVariantGroup;
			children = (
				D01E9B1D1EB47C2000AB41F0 /* Base */,
			);
			name = LaunchScreen.xib;
			sourceTree = "<group>";
		};
/* End PBXVariantGroup section */

/* Begin XCBuildConfiguration section */
		D01E9B2B1EB47C2000AB41F0 /* Debug */ = {
			isa = XCBuildConfiguration;
			buildSettings = {
				ALWAYS_SEARCH_USER_PATHS = NO;
				CLANG_CXX_LANGUAGE_STANDARD = "gnu++0x";
				CLANG_CXX_LIBRARY = "libc++";
				CLANG_ENABLE_MODULES = YES;
				CLANG_ENABLE_OBJC_ARC = YES;
				CLANG_WARN_BOOL_CONVERSION = YES;
				CLANG_WARN_CONSTANT_CONVERSION = YES;
				CLANG_WARN_DIRECT_OBJC_ISA_USAGE = YES_ERROR;
				CLANG_WARN_EMPTY_BODY = YES;
				CLANG_WARN_ENUM_CONVERSION = YES;
				CLANG_WARN_INT_CONVERSION = YES;
				CLANG_WARN_OBJC_ROOT_CLASS = YES_ERROR;
				CLANG_WARN_UNREACHABLE_CODE = YES;
				CLANG_WARN__DUPLICATE_METHOD_MATCH = YES;
				"CODE_SIGN_IDENTITY[sdk=iphoneos*]" = "iPhone Developer";
				COPY_PHASE_STRIP = NO;
				ENABLE_STRICT_OBJC_MSGSEND = YES;
				GCC_C_LANGUAGE_STANDARD = gnu99;
				GCC_DYNAMIC_NO_PIC = NO;
				GCC_OPTIMIZATION_LEVEL = 0;
				GCC_PREPROCESSOR_DEFINITIONS = (
					"DEBUG=1",
					"$(inherited)",
				);
				GCC_SYMBOLS_PRIVATE_EXTERN = NO;
				GCC_WARN_64_TO_32_BIT_CONVERSION = YES;
				GCC_WARN_ABOUT_RETURN_TYPE = YES_ERROR;
				GCC_WARN_UNDECLARED_SELECTOR = YES;
				GCC_WARN_UNINITIALIZED_AUTOS = YES_AGGRESSIVE;
				GCC_WARN_UNUSED_FUNCTION = YES;
				GCC_WARN_UNUSED_VARIABLE = YES;
				IPHONEOS_DEPLOYMENT_TARGET = 8.2;
				MTL_ENABLE_DEBUG_INFO = YES;
				ONLY_ACTIVE_ARCH = YES;
				SDKROOT = iphoneos;
				SWIFT_OPTIMIZATION_LEVEL = "-Onone";
			};
			name = Debug;
		};
		D01E9B2C1EB47C2000AB41F0 /* Release */ = {
			isa = XCBuildConfiguration;
			buildSettings = {
				ALWAYS_SEARCH_USER_PATHS = NO;
				CLANG_CXX_LANGUAGE_STANDARD = "gnu++0x";
				CLANG_CXX_LIBRARY = "libc++";
				CLANG_ENABLE_MODULES = YES;
				CLANG_ENABLE_OBJC_ARC = YES;
				CLANG_WARN_BOOL_CONVERSION = YES;
				CLANG_WARN_CONSTANT_CONVERSION = YES;
				CLANG_WARN_DIRECT_OBJC_ISA_USAGE = YES_ERROR;
				CLANG_WARN_EMPTY_BODY = YES;
				CLANG_WARN_ENUM_CONVERSION = YES;
				CLANG_WARN_INT_CONVERSION = YES;
				CLANG_WARN_OBJC_ROOT_CLASS = YES_ERROR;
				CLANG_WARN_UNREACHABLE_CODE = YES;
				CLANG_WARN__DUPLICATE_METHOD_MATCH = YES;
				"CODE_SIGN_IDENTITY[sdk=iphoneos*]" = "iPhone Developer";
				COPY_PHASE_STRIP = NO;
				ENABLE_NS_ASSERTIONS = NO;
				ENABLE_STRICT_OBJC_MSGSEND = YES;
				GCC_C_LANGUAGE_STANDARD = gnu99;
				GCC_WARN_64_TO_32_BIT_CONVERSION = YES;
				GCC_WARN_ABOUT_RETURN_TYPE = YES_ERROR;
				GCC_WARN_UNDECLARED_SELECTOR = YES;
				GCC_WARN_UNINITIALIZED_AUTOS = YES_AGGRESSIVE;
				GCC_WARN_UNUSED_FUNCTION = YES;
				GCC_WARN_UNUSED_VARIABLE = YES;
				IPHONEOS_DEPLOYMENT_TARGET = 8.2;
				MTL_ENABLE_DEBUG_INFO = NO;
				SDKROOT = iphoneos;
				VALIDATE_PRODUCT = YES;
			};
			name = Release;
		};
		D01E9B2E1EB47C2000AB41F0 /* Debug */ = {
			isa = XCBuildConfiguration;
			buildSettings = {
				ASSETCATALOG_COMPILER_APPICON_NAME = AppIcon;
				INFOPLIST_FILE = lab07_TP3/Info.plist;
				LD_RUNPATH_SEARCH_PATHS = "$(inherited) @executable_path/Frameworks";
				PRODUCT_NAME = "$(TARGET_NAME)";
			};
			name = Debug;
		};
		D01E9B2F1EB47C2000AB41F0 /* Release */ = {
			isa = XCBuildConfiguration;
			buildSettings = {
				ASSETCATALOG_COMPILER_APPICON_NAME = AppIcon;
				INFOPLIST_FILE = lab07_TP3/Info.plist;
				LD_RUNPATH_SEARCH_PATHS = "$(inherited) @executable_path/Frameworks";
				PRODUCT_NAME = "$(TARGET_NAME)";
			};
			name = Release;
		};
		D01E9B311EB47C2000AB41F0 /* Debug */ = {
			isa = XCBuildConfiguration;
			buildSettings = {
				BUNDLE_LOADER = "$(TEST_HOST)";
				FRAMEWORK_SEARCH_PATHS = (
					"$(SDKROOT)/Developer/Library/Frameworks",
					"$(inherited)",
				);
				GCC_PREPROCESSOR_DEFINITIONS = (
					"DEBUG=1",
					"$(inherited)",
				);
				INFOPLIST_FILE = lab07_TP3Tests/Info.plist;
				LD_RUNPATH_SEARCH_PATHS = "$(inherited) @executable_path/Frameworks @loader_path/Frameworks";
				PRODUCT_NAME = "$(TARGET_NAME)";
				TEST_HOST = "$(BUILT_PRODUCTS_DIR)/lab07_TP3.app/lab07_TP3";
			};
			name = Debug;
		};
		D01E9B321EB47C2000AB41F0 /* Release */ = {
			isa = XCBuildConfiguration;
			buildSettings = {
				BUNDLE_LOADER = "$(TEST_HOST)";
				FRAMEWORK_SEARCH_PATHS = (
					"$(SDKROOT)/Developer/Library/Frameworks",
					"$(inherited)",
				);
				INFOPLIST_FILE = lab07_TP3Tests/Info.plist;
				LD_RUNPATH_SEARCH_PATHS = "$(inherited) @executable_path/Frameworks @loader_path/Frameworks";
				PRODUCT_NAME = "$(TARGET_NAME)";
				TEST_HOST = "$(BUILT_PRODUCTS_DIR)/lab07_TP3.app/lab07_TP3";
			};
			name = Release;
		};
/* End XCBuildConfiguration section */

/* Begin XCConfigurationList section */
		D01E9B091EB47C2000AB41F0 /* Build configuration list for PBXProject "lab07_TP3" */ = {
			isa = XCConfigurationList;
			buildConfigurations = (
				D01E9B2B1EB47C2000AB41F0 /* Debug */,
				D01E9B2C1EB47C2000AB41F0 /* Release */,
			);
			defaultConfigurationIsVisible = 0;
			defaultConfigurationName = Release;
		};
		D01E9B2D1EB47C2000AB41F0 /* Build configuration list for PBXNativeTarget "lab07_TP3" */ = {
			isa = XCConfigurationList;
			buildConfigurations = (
				D01E9B2E1EB47C2000AB41F0 /* Debug */,
				D01E9B2F1EB47C2000AB41F0 /* Release */,
			);
			defaultConfigurationIsVisible = 0;
		};
		D01E9B301EB47C2000AB41F0 /* Build configuration list for PBXNativeTarget "lab07_TP3Tests" */ = {
			isa = XCConfigurationList;
			buildConfigurations = (
				D01E9B311EB47C2000AB41F0 /* Debug */,
				D01E9B321EB47C2000AB41F0 /* Release */,
			);
			defaultConfigurationIsVisible = 0;
		};
/* End XCConfigurationList section */
	};
	rootObject = D01E9B061EB47C2000AB41F0 /* Project object */;
}
